
Microsoft Visual Studio Solution File, Format Version 12.00
# Visual Studio Version 17
VisualStudioVersion = 17.8.34330.188
MinimumVisualStudioVersion = 10.0.40219.1
Project("{FAE04EC0-301F-11D3-BF4B-00C04F79EFBC}") = "MealApp", "MealApp.csproj", "{05030BA2-F0DA-4D63-A5C1-A9CBFC24BFF6}"
EndProject
Global
	GlobalSection(SolutionConfigurationPlatforms) = preSolution
		Debug|Any CPU = Debug|Any CPU
		Release|Any CPU = Release|Any CPU
	EndGlobalSection
	GlobalSection(ProjectConfigurationPlatforms) = postSolution
		{05030BA2-F0DA-4D63-A5C1-A9CBFC24BFF6}.Debug|Any CPU.ActiveCfg = Debug|Any CPU
		{05030BA2-F0DA-4D63-A5C1-A9CBFC24BFF6}.Debug|Any CPU.Build.0 = Debug|Any CPU
		{05030BA2-F0DA-4D63-A5C1-A9CBFC24BFF6}.Debug|Any CPU.Deploy.0 = Debug|Any CPU
		{05030BA2-F0DA-4D63-A5C1-A9CBFC24BFF6}.Release|Any CPU.ActiveCfg = Release|Any CPU
		{05030BA2-F0DA-4D63-A5C1-A9CBFC24BFF6}.Release|Any CPU.Build.0 = Release|Any CPU
		{05030BA2-F0DA-4D63-A5C1-A9CBFC24BFF6}.Release|Any CPU.Deploy.0 = Release|Any CPU
	EndGlobalSection
	GlobalSection(SolutionProperties) = preSolution
		HideSolutionNode = FALSE
	EndGlobalSection
	GlobalSection(ExtensibilityGlobals) = postSolution
		SolutionGuid = {AB68001E-965A-4CA9-8A51-F1CC02EE49FC}
	EndGlobalSection
EndGlobal
